// !$*UTF8*$!
{
	archiveVersion = 1;
	classes = {
	};
	objectVersion = 55;
	objects = {

/* Begin PBXBuildFile section */
		4621B9BA2744E19300D13B1C /* README.md in Resources */ = {isa = PBXBuildFile; fileRef = 4621B9B92744E19200D13B1C /* README.md */; };
		4621B9BC2744E6B700D13B1C /* Podfile in Resources */ = {isa = PBXBuildFile; fileRef = 4621B9BB2744E6B700D13B1C /* Podfile */; };
		466AB74B27461F740085F699 /* Contents.json in Resources */ = {isa = PBXBuildFile; fileRef = 466AB73F27461F740085F699 /* Contents.json */; };
		466AB75A2748B85D0085F699 /* DetailViewController.swift in Sources */ = {isa = PBXBuildFile; fileRef = 466AB7592748B85D0085F699 /* DetailViewController.swift */; };
		466AB75C2748D95E0085F699 /* DayViewController.swift in Sources */ = {isa = PBXBuildFile; fileRef = 466AB75B2748D95E0085F699 /* DayViewController.swift */; };
		466AB75E2748D97D0085F699 /* WeeklyViewController.swift in Sources */ = {isa = PBXBuildFile; fileRef = 466AB75D2748D97D0085F699 /* WeeklyViewController.swift */; };
		466AB7602748D9900085F699 /* WeatherDataViewController.swift in Sources */ = {isa = PBXBuildFile; fileRef = 466AB75F2748D9900085F699 /* WeatherDataViewController.swift */; };
		467788EA2744DE0C009A1239 /* AppDelegate.swift in Sources */ = {isa = PBXBuildFile; fileRef = 467788E92744DE0C009A1239 /* AppDelegate.swift */; };
		467788EC2744DE0C009A1239 /* SceneDelegate.swift in Sources */ = {isa = PBXBuildFile; fileRef = 467788EB2744DE0C009A1239 /* SceneDelegate.swift */; };
		467788F12744DE0C009A1239 /* Main.storyboard in Resources */ = {isa = PBXBuildFile; fileRef = 467788EF2744DE0C009A1239 /* Main.storyboard */; };
		467788F32744DE0E009A1239 /* Assets.xcassets in Resources */ = {isa = PBXBuildFile; fileRef = 467788F22744DE0E009A1239 /* Assets.xcassets */; };
		467788F62744DE0E009A1239 /* LaunchScreen.storyboard in Resources */ = {isa = PBXBuildFile; fileRef = 467788F42744DE0E009A1239 /* LaunchScreen.storyboard */; };
		46AF19C42754A047009FEA4C /* Constants.swift in Sources */ = {isa = PBXBuildFile; fileRef = 46AF19C32754A047009FEA4C /* Constants.swift */; };
		46AF19CA2754A9F8009FEA4C /* CurrentWeatherModel.swift in Sources */ = {isa = PBXBuildFile; fileRef = 46AF19C92754A9F8009FEA4C /* CurrentWeatherModel.swift */; };
		46AF19CC2754AA8A009FEA4C /* AutocompleteModel.swift in Sources */ = {isa = PBXBuildFile; fileRef = 46AF19CB2754AA8A009FEA4C /* AutocompleteModel.swift */; };
		46AF19CE2754ACA0009FEA4C /* AutocompleteService.swift in Sources */ = {isa = PBXBuildFile; fileRef = 46AF19CD2754ACA0009FEA4C /* AutocompleteService.swift */; };
		46AF19D22754CC58009FEA4C /* SearchResultViewController.swift in Sources */ = {isa = PBXBuildFile; fileRef = 46AF19D12754CC58009FEA4C /* SearchResultViewController.swift */; };
		46AF19DA2754E386009FEA4C /* GeolocationModel.swift in Sources */ = {isa = PBXBuildFile; fileRef = 46AF19D92754E386009FEA4C /* GeolocationModel.swift */; };
		46BDA8A827523835001A796C /* DailyCell.swift in Sources */ = {isa = PBXBuildFile; fileRef = 46BDA8A627523835001A796C /* DailyCell.swift */; };
		46BDA8A927523835001A796C /* DailyCell.xib in Resources */ = {isa = PBXBuildFile; fileRef = 46BDA8A727523835001A796C /* DailyCell.xib */; };
		46F69BE2274E17CC006571C8 /* CurrentWeatherService.swift in Sources */ = {isa = PBXBuildFile; fileRef = 46F69BE1274E17CC006571C8 /* CurrentWeatherService.swift */; };
		46F69BE6274EF86D006571C8 /* DailyWeatherModel.swift in Sources */ = {isa = PBXBuildFile; fileRef = 46F69BE5274EF86D006571C8 /* DailyWeatherModel.swift */; };
		46F69BE8274F2DA7006571C8 /* DailyWeatherService.swift in Sources */ = {isa = PBXBuildFile; fileRef = 46F69BE7274F2DA7006571C8 /* DailyWeatherService.swift */; };
		46F69BEA274F3E54006571C8 /* WeatherCodesDictionary.swift in Sources */ = {isa = PBXBuildFile; fileRef = 46F69BE9274F3E54006571C8 /* WeatherCodesDictionary.swift */; };
		46F69BEC274F5F70006571C8 /* HomePageViewController.swift in Sources */ = {isa = PBXBuildFile; fileRef = 46F69BEB274F5F70006571C8 /* HomePageViewController.swift */; };
/* End PBXBuildFile section */

/* Begin PBXFileReference section */
		4621B9B92744E19200D13B1C /* README.md */ = {isa = PBXFileReference; fileEncoding = 4; lastKnownFileType = net.daringfireball.markdown; name = README.md; path = "../../../../../../../../xiu/My Drive/Education/USC/CSCI 571/Homeworks/HW9/iWeather/README.md"; sourceTree = "<group>"; };
		4621B9BB2744E6B700D13B1C /* Podfile */ = {isa = PBXFileReference; fileEncoding = 4; lastKnownFileType = text; name = Podfile; path = "../../../../../../../../xiu/My Drive/Education/USC/CSCI 571/Homeworks/HW9/iWeather/Podfile"; sourceTree = "<group>"; };
		466AB73F27461F740085F699 /* Contents.json */ = {isa = PBXFileReference; fileEncoding = 4; lastKnownFileType = text.json; path = Contents.json; sourceTree = "<group>"; };
		466AB7592748B85D0085F699 /* DetailViewController.swift */ = {isa = PBXFileReference; lastKnownFileType = sourcecode.swift; path = DetailViewController.swift; sourceTree = "<group>"; };
		466AB75B2748D95E0085F699 /* DayViewController.swift */ = {isa = PBXFileReference; lastKnownFileType = sourcecode.swift; path = DayViewController.swift; sourceTree = "<group>"; };
		466AB75D2748D97D0085F699 /* WeeklyViewController.swift */ = {isa = PBXFileReference; lastKnownFileType = sourcecode.swift; path = WeeklyViewController.swift; sourceTree = "<group>"; };
		466AB75F2748D9900085F699 /* WeatherDataViewController.swift */ = {isa = PBXFileReference; lastKnownFileType = sourcecode.swift; path = WeatherDataViewController.swift; sourceTree = "<group>"; };
		467788E62744DE0C009A1239 /* iWeather.app */ = {isa = PBXFileReference; explicitFileType = wrapper.application; includeInIndex = 0; path = iWeather.app; sourceTree = BUILT_PRODUCTS_DIR; };
		467788E92744DE0C009A1239 /* AppDelegate.swift */ = {isa = PBXFileReference; lastKnownFileType = sourcecode.swift; path = AppDelegate.swift; sourceTree = "<group>"; };
		467788EB2744DE0C009A1239 /* SceneDelegate.swift */ = {isa = PBXFileReference; lastKnownFileType = sourcecode.swift; path = SceneDelegate.swift; sourceTree = "<group>"; };
		467788F02744DE0C009A1239 /* Base */ = {isa = PBXFileReference; lastKnownFileType = file.storyboard; name = Base; path = Base.lproj/Main.storyboard; sourceTree = "<group>"; };
		467788F22744DE0E009A1239 /* Assets.xcassets */ = {isa = PBXFileReference; lastKnownFileType = folder.assetcatalog; path = Assets.xcassets; sourceTree = "<group>"; };
		467788F52744DE0E009A1239 /* Base */ = {isa = PBXFileReference; lastKnownFileType = file.storyboard; name = Base; path = Base.lproj/LaunchScreen.storyboard; sourceTree = "<group>"; };
		467788F72744DE0E009A1239 /* Info.plist */ = {isa = PBXFileReference; lastKnownFileType = text.plist.xml; path = Info.plist; sourceTree = "<group>"; };
		46AF19C32754A047009FEA4C /* Constants.swift */ = {isa = PBXFileReference; lastKnownFileType = sourcecode.swift; path = Constants.swift; sourceTree = "<group>"; };
		46AF19C92754A9F8009FEA4C /* CurrentWeatherModel.swift */ = {isa = PBXFileReference; lastKnownFileType = sourcecode.swift; name = CurrentWeatherModel.swift; path = "../../../../../../../../../../xiu/My Drive/Education/USC/CSCI 571/Homeworks/HW9/iWeather/iWeather/Models/CurrentWeatherModel.swift"; sourceTree = "<group>"; };
		46AF19CB2754AA8A009FEA4C /* AutocompleteModel.swift */ = {isa = PBXFileReference; lastKnownFileType = sourcecode.swift; name = AutocompleteModel.swift; path = "../../../../../../../../../../xiu/My Drive/Education/USC/CSCI 571/Homeworks/HW9/iWeather/iWeather/Models/AutocompleteModel.swift"; sourceTree = "<group>"; };
		46AF19CD2754ACA0009FEA4C /* AutocompleteService.swift */ = {isa = PBXFileReference; lastKnownFileType = sourcecode.swift; name = AutocompleteService.swift; path = "../../../../../../../../../../xiu/My Drive/Education/USC/CSCI 571/Homeworks/HW9/iWeather/iWeather/Services/AutocompleteService.swift"; sourceTree = "<group>"; };
		46AF19D12754CC58009FEA4C /* SearchResultViewController.swift */ = {isa = PBXFileReference; lastKnownFileType = sourcecode.swift; name = SearchResultViewController.swift; path = "../../../../../../../../../../xiu/My Drive/Education/USC/CSCI 571/Homeworks/HW9/iWeather/iWeather/Views/SearchResultViewController.swift"; sourceTree = "<group>"; };
		46AF19D92754E386009FEA4C /* GeolocationModel.swift */ = {isa = PBXFileReference; lastKnownFileType = sourcecode.swift; name = GeolocationModel.swift; path = "../../../../../../../../../../xiu/My Drive/Education/USC/CSCI 571/Homeworks/HW9/iWeather/iWeather/Models/GeolocationModel.swift"; sourceTree = "<group>"; };
		46BDA8A52750E8A3001A796C /* Los_Angeles.gpx */ = {isa = PBXFileReference; lastKnownFileType = text.xml; path = Los_Angeles.gpx; sourceTree = "<group>"; };
		46BDA8A627523835001A796C /* DailyCell.swift */ = {isa = PBXFileReference; lastKnownFileType = sourcecode.swift; path = DailyCell.swift; sourceTree = "<group>"; };
		46BDA8A727523835001A796C /* DailyCell.xib */ = {isa = PBXFileReference; lastKnownFileType = file.xib; path = DailyCell.xib; sourceTree = "<group>"; };
		46F69BE1274E17CC006571C8 /* CurrentWeatherService.swift */ = {isa = PBXFileReference; lastKnownFileType = sourcecode.swift; path = CurrentWeatherService.swift; sourceTree = "<group>"; };
		46F69BE5274EF86D006571C8 /* DailyWeatherModel.swift */ = {isa = PBXFileReference; lastKnownFileType = sourcecode.swift; path = DailyWeatherModel.swift; sourceTree = "<group>"; };
		46F69BE7274F2DA7006571C8 /* DailyWeatherService.swift */ = {isa = PBXFileReference; lastKnownFileType = sourcecode.swift; path = DailyWeatherService.swift; sourceTree = "<group>"; };
		46F69BE9274F3E54006571C8 /* WeatherCodesDictionary.swift */ = {isa = PBXFileReference; lastKnownFileType = sourcecode.swift; path = WeatherCodesDictionary.swift; sourceTree = "<group>"; };
		46F69BEB274F5F70006571C8 /* HomePageViewController.swift */ = {isa = PBXFileReference; lastKnownFileType = sourcecode.swift; path = HomePageViewController.swift; sourceTree = "<group>"; };
/* End PBXFileReference section */

/* Begin PBXFrameworksBuildPhase section */
		467788E32744DE0C009A1239 /* Frameworks */ = {
			isa = PBXFrameworksBuildPhase;
			buildActionMask = 2147483647;
			files = (
			);
			runOnlyForDeploymentPostprocessing = 0;
		};
/* End PBXFrameworksBuildPhase section */

/* Begin PBXGroup section */
		467788DD2744DE0C009A1239 = {
			isa = PBXGroup;
			children = (
				46BDA8A52750E8A3001A796C /* Los_Angeles.gpx */,
				4621B9BB2744E6B700D13B1C /* Podfile */,
				4621B9B92744E19200D13B1C /* README.md */,
				467788E82744DE0C009A1239 /* iWeather */,
				467788E72744DE0C009A1239 /* Products */,
			);
			sourceTree = "<group>";
		};
		467788E72744DE0C009A1239 /* Products */ = {
			isa = PBXGroup;
			children = (
				467788E62744DE0C009A1239 /* iWeather.app */,
			);
			name = Products;
			sourceTree = "<group>";
		};
		467788E82744DE0C009A1239 /* iWeather */ = {
			isa = PBXGroup;
			children = (
				46AF19C72754A0ED009FEA4C /* Models */,
				46AF19C62754A0BC009FEA4C /* Services */,
				46AF19C52754A0A0009FEA4C /* Views */,
				467788E92744DE0C009A1239 /* AppDelegate.swift */,
				467788EB2744DE0C009A1239 /* SceneDelegate.swift */,
				467788F22744DE0E009A1239 /* Assets.xcassets */,
				466AB73F27461F740085F699 /* Contents.json */,
				467788F72744DE0E009A1239 /* Info.plist */,
			);
			path = iWeather;
			sourceTree = "<group>";
		};
		46AF19C52754A0A0009FEA4C /* Views */ = {
			isa = PBXGroup;
			children = (
				46AF19C82754A110009FEA4C /* Detail Page Group */,
				46F69BEB274F5F70006571C8 /* HomePageViewController.swift */,
				467788EF2744DE0C009A1239 /* Main.storyboard */,
				467788F42744DE0E009A1239 /* LaunchScreen.storyboard */,
				46BDA8A727523835001A796C /* DailyCell.xib */,
				46AF19D12754CC58009FEA4C /* SearchResultViewController.swift */,
			);
			path = Views;
			sourceTree = "<group>";
		};
		46AF19C62754A0BC009FEA4C /* Services */ = {
			isa = PBXGroup;
			children = (
				46F69BE1274E17CC006571C8 /* CurrentWeatherService.swift */,
				46F69BE7274F2DA7006571C8 /* DailyWeatherService.swift */,
				46AF19CD2754ACA0009FEA4C /* AutocompleteService.swift */,
			);
			path = Services;
			sourceTree = "<group>";
		};
		46AF19C72754A0ED009FEA4C /* Models */ = {
			isa = PBXGroup;
			children = (
				46F69BE5274EF86D006571C8 /* DailyWeatherModel.swift */,
				46BDA8A627523835001A796C /* DailyCell.swift */,
				46F69BE9274F3E54006571C8 /* WeatherCodesDictionary.swift */,
				46AF19C32754A047009FEA4C /* Constants.swift */,
				46AF19C92754A9F8009FEA4C /* CurrentWeatherModel.swift */,
				46AF19CB2754AA8A009FEA4C /* AutocompleteModel.swift */,
				46AF19D92754E386009FEA4C /* GeolocationModel.swift */,
			);
			path = Models;
			sourceTree = "<group>";
		};
		46AF19C82754A110009FEA4C /* Detail Page Group */ = {
			isa = PBXGroup;
			children = (
				466AB7592748B85D0085F699 /* DetailViewController.swift */,
				466AB75B2748D95E0085F699 /* DayViewController.swift */,
				466AB75D2748D97D0085F699 /* WeeklyViewController.swift */,
				466AB75F2748D9900085F699 /* WeatherDataViewController.swift */,
			);
			path = "Detail Page Group";
			sourceTree = "<group>";
		};
/* End PBXGroup section */

/* Begin PBXNativeTarget section */
		467788E52744DE0C009A1239 /* iWeather */ = {
			isa = PBXNativeTarget;
			buildConfigurationList = 467788FA2744DE0E009A1239 /* Build configuration list for PBXNativeTarget "iWeather" */;
			buildPhases = (
				467788E22744DE0C009A1239 /* Sources */,
				467788E32744DE0C009A1239 /* Frameworks */,
				467788E42744DE0C009A1239 /* Resources */,
			);
			buildRules = (
			);
			dependencies = (
			);
			name = iWeather;
			productName = iWeather;
			productReference = 467788E62744DE0C009A1239 /* iWeather.app */;
			productType = "com.apple.product-type.application";
		};
/* End PBXNativeTarget section */

/* Begin PBXProject section */
		467788DE2744DE0C009A1239 /* Project object */ = {
			isa = PBXProject;
			attributes = {
				BuildIndependentTargetsInParallel = 1;
				LastSwiftUpdateCheck = 1310;
				LastUpgradeCheck = 1310;
				TargetAttributes = {
					467788E52744DE0C009A1239 = {
						CreatedOnToolsVersion = 13.1;
					};
				};
			};
			buildConfigurationList = 467788E12744DE0C009A1239 /* Build configuration list for PBXProject "iWeather" */;
			compatibilityVersion = "Xcode 13.0";
			developmentRegion = en;
			hasScannedForEncodings = 0;
			knownRegions = (
				en,
				Base,
			);
			mainGroup = 467788DD2744DE0C009A1239;
			productRefGroup = 467788E72744DE0C009A1239 /* Products */;
			projectDirPath = "";
			projectRoot = "";
			targets = (
				467788E52744DE0C009A1239 /* iWeather */,
			);
		};
/* End PBXProject section */

/* Begin PBXResourcesBuildPhase section */
		467788E42744DE0C009A1239 /* Resources */ = {
			isa = PBXResourcesBuildPhase;
			buildActionMask = 2147483647;
			files = (
				4621B9BC2744E6B700D13B1C /* Podfile in Resources */,
				467788F62744DE0E009A1239 /* LaunchScreen.storyboard in Resources */,
				467788F32744DE0E009A1239 /* Assets.xcassets in Resources */,
				4621B9BA2744E19300D13B1C /* README.md in Resources */,
				467788F12744DE0C009A1239 /* Main.storyboard in Resources */,
				466AB74B27461F740085F699 /* Contents.json in Resources */,
				46BDA8A927523835001A796C /* DailyCell.xib in Resources */,
			);
			runOnlyForDeploymentPostprocessing = 0;
		};
/* End PBXResourcesBuildPhase section */

/* Begin PBXSourcesBuildPhase section */
		467788E22744DE0C009A1239 /* Sources */ = {
			isa = PBXSourcesBuildPhase;
			buildActionMask = 2147483647;
			files = (
				46F69BE8274F2DA7006571C8 /* DailyWeatherService.swift in Sources */,
				466AB75C2748D95E0085F699 /* DayViewController.swift in Sources */,
				46AF19CA2754A9F8009FEA4C /* CurrentWeatherModel.swift in Sources */,
				466AB7602748D9900085F699 /* WeatherDataViewController.swift in Sources */,
				46F69BE6274EF86D006571C8 /* DailyWeatherModel.swift in Sources */,
				46AF19CC2754AA8A009FEA4C /* AutocompleteModel.swift in Sources */,
				46AF19C42754A047009FEA4C /* Constants.swift in Sources */,
				467788EA2744DE0C009A1239 /* AppDelegate.swift in Sources */,
				46F69BEA274F3E54006571C8 /* WeatherCodesDictionary.swift in Sources */,
				46F69BEC274F5F70006571C8 /* HomePageViewController.swift in Sources */,
				46BDA8A827523835001A796C /* DailyCell.swift in Sources */,
				46F69BE2274E17CC006571C8 /* CurrentWeatherService.swift in Sources */,
				46AF19CE2754ACA0009FEA4C /* AutocompleteService.swift in Sources */,
				466AB75E2748D97D0085F699 /* WeeklyViewController.swift in Sources */,
				46AF19DA2754E386009FEA4C /* GeolocationModel.swift in Sources */,
				467788EC2744DE0C009A1239 /* SceneDelegate.swift in Sources */,
				46AF19D22754CC58009FEA4C /* SearchResultViewController.swift in Sources */,
				466AB75A2748B85D0085F699 /* DetailViewController.swift in Sources */,
			);
			runOnlyForDeploymentPostprocessing = 0;
		};
/* End PBXSourcesBuildPhase section */

/* Begin PBXVariantGroup section */
		467788EF2744DE0C009A1239 /* Main.storyboard */ = {
			isa = PBXVariantGroup;
			children = (
				467788F02744DE0C009A1239 /* Base */,
			);
			name = Main.storyboard;
			sourceTree = "<group>";
		};
		467788F42744DE0E009A1239 /* LaunchScreen.storyboard */ = {
			isa = PBXVariantGroup;
			children = (
				467788F52744DE0E009A1239 /* Base */,
			);
			name = LaunchScreen.storyboard;
			sourceTree = "<group>";
		};
/* End PBXVariantGroup section */

/* Begin XCBuildConfiguration section */
		467788F82744DE0E009A1239 /* Debug */ = {
			isa = XCBuildConfiguration;
			buildSettings = {
				ALWAYS_SEARCH_USER_PATHS = NO;
				CLANG_ANALYZER_NONNULL = YES;
				CLANG_ANALYZER_NUMBER_OBJECT_CONVERSION = YES_AGGRESSIVE;
				CLANG_CXX_LANGUAGE_STANDARD = "gnu++17";
				CLANG_CXX_LIBRARY = "libc++";
				CLANG_ENABLE_MODULES = YES;
				CLANG_ENABLE_OBJC_ARC = YES;
				CLANG_ENABLE_OBJC_WEAK = YES;
				CLANG_WARN_BLOCK_CAPTURE_AUTORELEASING = YES;
				CLANG_WARN_BOOL_CONVERSION = YES;
				CLANG_WARN_COMMA = YES;
				CLANG_WARN_CONSTANT_CONVERSION = YES;
				CLANG_WARN_DEPRECATED_OBJC_IMPLEMENTATIONS = YES;
				CLANG_WARN_DIRECT_OBJC_ISA_USAGE = YES_ERROR;
				CLANG_WARN_DOCUMENTATION_COMMENTS = YES;
				CLANG_WARN_EMPTY_BODY = YES;
				CLANG_WARN_ENUM_CONVERSION = YES;
				CLANG_WARN_INFINITE_RECURSION = YES;
				CLANG_WARN_INT_CONVERSION = YES;
				CLANG_WARN_NON_LITERAL_NULL_CONVERSION = YES;
				CLANG_WARN_OBJC_IMPLICIT_RETAIN_SELF = YES;
				CLANG_WARN_OBJC_LITERAL_CONVERSION = YES;
				CLANG_WARN_OBJC_ROOT_CLASS = YES_ERROR;
				CLANG_WARN_QUOTED_INCLUDE_IN_FRAMEWORK_HEADER = YES;
				CLANG_WARN_RANGE_LOOP_ANALYSIS = YES;
				CLANG_WARN_STRICT_PROTOTYPES = YES;
				CLANG_WARN_SUSPICIOUS_MOVE = YES;
				CLANG_WARN_UNGUARDED_AVAILABILITY = YES_AGGRESSIVE;
				CLANG_WARN_UNREACHABLE_CODE = YES;
				CLANG_WARN__DUPLICATE_METHOD_MATCH = YES;
				COPY_PHASE_STRIP = NO;
				DEBUG_INFORMATION_FORMAT = dwarf;
				ENABLE_STRICT_OBJC_MSGSEND = YES;
				ENABLE_TESTABILITY = YES;
				GCC_C_LANGUAGE_STANDARD = gnu11;
				GCC_DYNAMIC_NO_PIC = NO;
				GCC_NO_COMMON_BLOCKS = YES;
				GCC_OPTIMIZATION_LEVEL = 0;
				GCC_PREPROCESSOR_DEFINITIONS = (
					"DEBUG=1",
					"$(inherited)",
				);
				GCC_WARN_64_TO_32_BIT_CONVERSION = YES;
				GCC_WARN_ABOUT_RETURN_TYPE = YES_ERROR;
				GCC_WARN_UNDECLARED_SELECTOR = YES;
				GCC_WARN_UNINITIALIZED_AUTOS = YES_AGGRESSIVE;
				GCC_WARN_UNUSED_FUNCTION = YES;
				GCC_WARN_UNUSED_VARIABLE = YES;
				IPHONEOS_DEPLOYMENT_TARGET = 15.0;
				MTL_ENABLE_DEBUG_INFO = INCLUDE_SOURCE;
				MTL_FAST_MATH = YES;
				ONLY_ACTIVE_ARCH = YES;
				SDKROOT = iphoneos;
				SWIFT_ACTIVE_COMPILATION_CONDITIONS = DEBUG;
				SWIFT_OPTIMIZATION_LEVEL = "-Onone";
			};
			name = Debug;
		};
		467788F92744DE0E009A1239 /* Release */ = {
			isa = XCBuildConfiguration;
			buildSettings = {
				ALWAYS_SEARCH_USER_PATHS = NO;
				CLANG_ANALYZER_NONNULL = YES;
				CLANG_ANALYZER_NUMBER_OBJECT_CONVERSION = YES_AGGRESSIVE;
				CLANG_CXX_LANGUAGE_STANDARD = "gnu++17";
				CLANG_CXX_LIBRARY = "libc++";
				CLANG_ENABLE_MODULES = YES;
				CLANG_ENABLE_OBJC_ARC = YES;
				CLANG_ENABLE_OBJC_WEAK = YES;
				CLANG_WARN_BLOCK_CAPTURE_AUTORELEASING = YES;
				CLANG_WARN_BOOL_CONVERSION = YES;
				CLANG_WARN_COMMA = YES;
				CLANG_WARN_CONSTANT_CONVERSION = YES;
				CLANG_WARN_DEPRECATED_OBJC_IMPLEMENTATIONS = YES;
				CLANG_WARN_DIRECT_OBJC_ISA_USAGE = YES_ERROR;
				CLANG_WARN_DOCUMENTATION_COMMENTS = YES;
				CLANG_WARN_EMPTY_BODY = YES;
				CLANG_WARN_ENUM_CONVERSION = YES;
				CLANG_WARN_INFINITE_RECURSION = YES;
				CLANG_WARN_INT_CONVERSION = YES;
				CLANG_WARN_NON_LITERAL_NULL_CONVERSION = YES;
				CLANG_WARN_OBJC_IMPLICIT_RETAIN_SELF = YES;
				CLANG_WARN_OBJC_LITERAL_CONVERSION = YES;
				CLANG_WARN_OBJC_ROOT_CLASS = YES_ERROR;
				CLANG_WARN_QUOTED_INCLUDE_IN_FRAMEWORK_HEADER = YES;
				CLANG_WARN_RANGE_LOOP_ANALYSIS = YES;
				CLANG_WARN_STRICT_PROTOTYPES = YES;
				CLANG_WARN_SUSPICIOUS_MOVE = YES;
				CLANG_WARN_UNGUARDED_AVAILABILITY = YES_AGGRESSIVE;
				CLANG_WARN_UNREACHABLE_CODE = YES;
				CLANG_WARN__DUPLICATE_METHOD_MATCH = YES;
				COPY_PHASE_STRIP = NO;
				DEBUG_INFORMATION_FORMAT = "dwarf-with-dsym";
				ENABLE_NS_ASSERTIONS = NO;
				ENABLE_STRICT_OBJC_MSGSEND = YES;
				GCC_C_LANGUAGE_STANDARD = gnu11;
				GCC_NO_COMMON_BLOCKS = YES;
				GCC_WARN_64_TO_32_BIT_CONVERSION = YES;
				GCC_WARN_ABOUT_RETURN_TYPE = YES_ERROR;
				GCC_WARN_UNDECLARED_SELECTOR = YES;
				GCC_WARN_UNINITIALIZED_AUTOS = YES_AGGRESSIVE;
				GCC_WARN_UNUSED_FUNCTION = YES;
				GCC_WARN_UNUSED_VARIABLE = YES;
				IPHONEOS_DEPLOYMENT_TARGET = 15.0;
				MTL_ENABLE_DEBUG_INFO = NO;
				MTL_FAST_MATH = YES;
				SDKROOT = iphoneos;
				SWIFT_COMPILATION_MODE = wholemodule;
				SWIFT_OPTIMIZATION_LEVEL = "-O";
				VALIDATE_PRODUCT = YES;
			};
			name = Release;
		};
		467788FB2744DE0E009A1239 /* Debug */ = {
			isa = XCBuildConfiguration;
			buildSettings = {
				ASSETCATALOG_COMPILER_APPICON_NAME = AppIcon;
				ASSETCATALOG_COMPILER_GLOBAL_ACCENT_COLOR_NAME = AccentColor;
				CODE_SIGN_STYLE = Automatic;
				CURRENT_PROJECT_VERSION = 1;
				DEVELOPMENT_TEAM = 2K7X4TNZVS;
				GENERATE_INFOPLIST_FILE = YES;
				INFOPLIST_FILE = iWeather/Info.plist;
				INFOPLIST_KEY_UIApplicationSupportsIndirectInputEvents = YES;
				INFOPLIST_KEY_UILaunchStoryboardName = LaunchScreen;
				INFOPLIST_KEY_UIMainStoryboardFile = Main;
				INFOPLIST_KEY_UISupportedInterfaceOrientations_iPad = "UIInterfaceOrientationPortrait UIInterfaceOrientationPortraitUpsideDown UIInterfaceOrientationLandscapeLeft UIInterfaceOrientationLandscapeRight";
				INFOPLIST_KEY_UISupportedInterfaceOrientations_iPhone = "UIInterfaceOrientationPortrait UIInterfaceOrientationLandscapeLeft UIInterfaceOrientationLandscapeRight";
				LD_RUNPATH_SEARCH_PATHS = (
					"$(inherited)",
					"@executable_path/Frameworks",
				);
				MARKETING_VERSION = 1.0;
				PRODUCT_BUNDLE_IDENTIFIER = com.xiu.iWeather;
				PRODUCT_NAME = "$(TARGET_NAME)";
				SWIFT_EMIT_LOC_STRINGS = YES;
				SWIFT_VERSION = 5.0;
				TARGETED_DEVICE_FAMILY = 1;
			};
			name = Debug;
		};
		467788FC2744DE0E009A1239 /* Release */ = {
			isa = XCBuildConfiguration;
			buildSettings = {
				ASSETCATALOG_COMPILER_APPICON_NAME = AppIcon;
				ASSETCATALOG_COMPILER_GLOBAL_ACCENT_COLOR_NAME = AccentColor;
				CODE_SIGN_STYLE = Automatic;
				CURRENT_PROJECT_VERSION = 1;
				DEVELOPMENT_TEAM = 2K7X4TNZVS;
				GENERATE_INFOPLIST_FILE = YES;
				INFOPLIST_FILE = iWeather/Info.plist;
				INFOPLIST_KEY_UIApplicationSupportsIndirectInputEvents = YES;
				INFOPLIST_KEY_UILaunchStoryboardName = LaunchScreen;
				INFOPLIST_KEY_UIMainStoryboardFile = Main;
				INFOPLIST_KEY_UISupportedInterfaceOrientations_iPad = "UIInterfaceOrientationPortrait UIInterfaceOrientationPortraitUpsideDown UIInterfaceOrientationLandscapeLeft UIInterfaceOrientationLandscapeRight";
				INFOPLIST_KEY_UISupportedInterfaceOrientations_iPhone = "UIInterfaceOrientationPortrait UIInterfaceOrientationLandscapeLeft UIInterfaceOrientationLandscapeRight";
				LD_RUNPATH_SEARCH_PATHS = (
					"$(inherited)",
					"@executable_path/Frameworks",
				);
				MARKETING_VERSION = 1.0;
				PRODUCT_BUNDLE_IDENTIFIER = com.xiu.iWeather;
				PRODUCT_NAME = "$(TARGET_NAME)";
				SWIFT_EMIT_LOC_STRINGS = YES;
				SWIFT_VERSION = 5.0;
				TARGETED_DEVICE_FAMILY = 1;
			};
			name = Release;
		};
/* End XCBuildConfiguration section */

/* Begin XCConfigurationList section */
		467788E12744DE0C009A1239 /* Build configuration list for PBXProject "iWeather" */ = {
			isa = XCConfigurationList;
			buildConfigurations = (
				467788F82744DE0E009A1239 /* Debug */,
				467788F92744DE0E009A1239 /* Release */,
			);
			defaultConfigurationIsVisible = 0;
			defaultConfigurationName = Release;
		};
		467788FA2744DE0E009A1239 /* Build configuration list for PBXNativeTarget "iWeather" */ = {
			isa = XCConfigurationList;
			buildConfigurations = (
				467788FB2744DE0E009A1239 /* Debug */,
				467788FC2744DE0E009A1239 /* Release */,
			);
			defaultConfigurationIsVisible = 0;
			defaultConfigurationName = Release;
		};
/* End XCConfigurationList section */
	};
	rootObject = 467788DE2744DE0C009A1239 /* Project object */;
}
